PODS:
  - Alamofire (5.1.0)
  - Kingfisher (5.13.3):
    - Kingfisher/Core (= 5.13.3)
  - Kingfisher/Core (5.13.3)
  - Nimble (7.1.2)
  - ObjectMapper (3.5.2)
  - OHHTTPStubs/Core (9.0.0)
  - OHHTTPStubs/Default (9.0.0):
    - OHHTTPStubs/Core
    - OHHTTPStubs/JSON
    - OHHTTPStubs/NSURLSession
    - OHHTTPStubs/OHPathHelpers
  - OHHTTPStubs/JSON (9.0.0):
    - OHHTTPStubs/Core
  - OHHTTPStubs/NSURLSession (9.0.0):
    - OHHTTPStubs/Core
  - OHHTTPStubs/OHPathHelpers (9.0.0)
  - OHHTTPStubs/Swift (9.0.0):
    - OHHTTPStubs/Default
  - Quick (1.3.0)
  - Realm (3.20.0):
    - Realm/Headers (= 3.20.0)
  - Realm/Headers (3.20.0)
  - RealmSwift (3.20.0):
    - Realm (= 3.20.0)

DEPENDENCIES:
  - Alamofire
  - Kingfisher
  - Nimble (= 7.1.2)
  - ObjectMapper
  - OHHTTPStubs/Swift
  - Quick (= 1.3.0)
  - RealmSwift (~> 3.20.0)

SPEC REPOS:
  https://github.com/cocoapods/specs.git:
    - Alamofire
    - Kingfisher
    - Nimble
    - ObjectMapper
    - OHHTTPStubs
    - Quick
    - Realm
    - RealmSwift

SPEC CHECKSUMS:
  Alamofire: 9d5c5f602928e512395b30950c5984eca840093c
  Kingfisher: d2b3d6a7200c93b34de9afcdf25c8dd9282ec277
  Nimble: 3835ba9f459daa6b347f8a8e110aaae8ca1920a8
  ObjectMapper: b53ae947d370bf89423e86be7d4e2d2b2a8d3f40
  OHHTTPStubs: cb29d2a9d09a828ecb93349a2b0c64f99e0db89f
  Quick: 03278013f71aa05fe9ecabc94fbcc6835f1ee76f
  Realm: 8b2ca5bc6479a91f379b6b42b5922e396cd5ba5a
  RealmSwift: 1949ef26a279e1845bd51d591b9103adfcd121df

PODFILE CHECKSUM: 96432a2577a654a17dd860874da9dc50608c18a1

COCOAPODS: 1.6.1
